// !$*UTF8*$!
{
	archiveVersion = 1;
	classes = {
	};
	objectVersion = 46;
	objects = {

/* Begin PBXBuildFile section */
		C081942E1CF16A9F00D0E672 /* AppDelegate.swift in Sources */ = {isa = PBXBuildFile; fileRef = C081942D1CF16A9F00D0E672 /* AppDelegate.swift */; };
		C08194301CF16A9F00D0E672 /* ViewController.swift in Sources */ = {isa = PBXBuildFile; fileRef = C081942F1CF16A9F00D0E672 /* ViewController.swift */; };
		C08194331CF16A9F00D0E672 /* Main.storyboard in Resources */ = {isa = PBXBuildFile; fileRef = C08194311CF16A9F00D0E672 /* Main.storyboard */; };
		C08194381CF16A9F00D0E672 /* Assets.xcassets in Resources */ = {isa = PBXBuildFile; fileRef = C08194371CF16A9F00D0E672 /* Assets.xcassets */; };
		C081943B1CF16A9F00D0E672 /* LaunchScreen.storyboard in Resources */ = {isa = PBXBuildFile; fileRef = C08194391CF16A9F00D0E672 /* LaunchScreen.storyboard */; };
		C09991811CF2A46900212CD6 /* SavePhotosOperation.swift in Sources */ = {isa = PBXBuildFile; fileRef = C09991801CF2A46900212CD6 /* SavePhotosOperation.swift */; };
		C099918A1CF2A5AA00212CD6 /* CoreDataOperation.swift in Sources */ = {isa = PBXBuildFile; fileRef = C09991891CF2A5AA00212CD6 /* CoreDataOperation.swift */; };
		C09991901CF2A5E000212CD6 /* CoreDataOperation.xcdatamodeld in Sources */ = {isa = PBXBuildFile; fileRef = C099918C1CF2A5E000212CD6 /* CoreDataOperation.xcdatamodeld */; };
		C09991911CF2A5E000212CD6 /* Photo+CoreDataProperties.swift in Sources */ = {isa = PBXBuildFile; fileRef = C099918E1CF2A5E000212CD6 /* Photo+CoreDataProperties.swift */; };
		C09991921CF2A5E000212CD6 /* Photo.swift in Sources */ = {isa = PBXBuildFile; fileRef = C099918F1CF2A5E000212CD6 /* Photo.swift */; };
/* End PBXBuildFile section */

/* Begin PBXFileReference section */
		C081942A1CF16A9F00D0E672 /* CoreDataOperation.app */ = {isa = PBXFileReference; explicitFileType = wrapper.application; includeInIndex = 0; path = CoreDataOperation.app; sourceTree = BUILT_PRODUCTS_DIR; };
		C081942D1CF16A9F00D0E672 /* AppDelegate.swift */ = {isa = PBXFileReference; lastKnownFileType = sourcecode.swift; path = AppDelegate.swift; sourceTree = "<group>"; };
		C081942F1CF16A9F00D0E672 /* ViewController.swift */ = {isa = PBXFileReference; lastKnownFileType = sourcecode.swift; path = ViewController.swift; sourceTree = "<group>"; };
		C08194321CF16A9F00D0E672 /* Base */ = {isa = PBXFileReference; lastKnownFileType = file.storyboard; name = Base; path = Base.lproj/Main.storyboard; sourceTree = "<group>"; };
		C08194371CF16A9F00D0E672 /* Assets.xcassets */ = {isa = PBXFileReference; lastKnownFileType = folder.assetcatalog; path = Assets.xcassets; sourceTree = "<group>"; };
		C081943A1CF16A9F00D0E672 /* Base */ = {isa = PBXFileReference; lastKnownFileType = file.storyboard; name = Base; path = Base.lproj/LaunchScreen.storyboard; sourceTree = "<group>"; };
		C081943C1CF16A9F00D0E672 /* Info.plist */ = {isa = PBXFileReference; lastKnownFileType = text.plist.xml; path = Info.plist; sourceTree = "<group>"; };
		C09991801CF2A46900212CD6 /* SavePhotosOperation.swift */ = {isa = PBXFileReference; fileEncoding = 4; lastKnownFileType = sourcecode.swift; path = SavePhotosOperation.swift; sourceTree = "<group>"; };
		C09991891CF2A5AA00212CD6 /* CoreDataOperation.swift */ = {isa = PBXFileReference; fileEncoding = 4; lastKnownFileType = sourcecode.swift; path = CoreDataOperation.swift; sourceTree = "<group>"; };
		C099918D1CF2A5E000212CD6 /* CoreDataOperation.xcdatamodel */ = {isa = PBXFileReference; lastKnownFileType = wrapper.xcdatamodel; path = CoreDataOperation.xcdatamodel; sourceTree = "<group>"; };
		C099918E1CF2A5E000212CD6 /* Photo+CoreDataProperties.swift */ = {isa = PBXFileReference; fileEncoding = 4; lastKnownFileType = sourcecode.swift; path = "Photo+CoreDataProperties.swift"; sourceTree = "<group>"; };
		C099918F1CF2A5E000212CD6 /* Photo.swift */ = {isa = PBXFileReference; fileEncoding = 4; lastKnownFileType = sourcecode.swift; path = Photo.swift; sourceTree = "<group>"; };
/* End PBXFileReference section */

/* Begin PBXFrameworksBuildPhase section */
		C08194271CF16A9F00D0E672 /* Frameworks */ = {
			isa = PBXFrameworksBuildPhase;
			buildActionMask = 2147483647;
			files = (
			);
			runOnlyForDeploymentPostprocessing = 0;
		};
/* End PBXFrameworksBuildPhase section */

/* Begin PBXGroup section */
		C08194211CF16A9F00D0E672 = {
			isa = PBXGroup;
			children = (
				C081942C1CF16A9F00D0E672 /* CoreDataOperation */,
				C081942B1CF16A9F00D0E672 /* Products */,
			);
			sourceTree = "<group>";
		};
		C081942B1CF16A9F00D0E672 /* Products */ = {
			isa = PBXGroup;
			children = (
				C081942A1CF16A9F00D0E672 /* CoreDataOperation.app */,
			);
			name = Products;
			sourceTree = "<group>";
		};
		C081942C1CF16A9F00D0E672 /* CoreDataOperation */ = {
			isa = PBXGroup;
			children = (
				C09991881CF2A5AA00212CD6 /* CoreDataOperation */,
				C099918B1CF2A5E000212CD6 /* Core Data */,
				C081942D1CF16A9F00D0E672 /* AppDelegate.swift */,
				C081942F1CF16A9F00D0E672 /* ViewController.swift */,
				C09991801CF2A46900212CD6 /* SavePhotosOperation.swift */,
				C08194311CF16A9F00D0E672 /* Main.storyboard */,
				C08194371CF16A9F00D0E672 /* Assets.xcassets */,
				C08194391CF16A9F00D0E672 /* LaunchScreen.storyboard */,
				C081943C1CF16A9F00D0E672 /* Info.plist */,
			);
			path = CoreDataOperation;
			sourceTree = "<group>";
		};
		C09991881CF2A5AA00212CD6 /* CoreDataOperation */ = {
			isa = PBXGroup;
			children = (
				C09991891CF2A5AA00212CD6 /* CoreDataOperation.swift */,
			);
			path = CoreDataOperation;
			sourceTree = "<group>";
		};
		C099918B1CF2A5E000212CD6 /* Core Data */ = {
			isa = PBXGroup;
			children = (
				C099918F1CF2A5E000212CD6 /* Photo.swift */,
				C099918E1CF2A5E000212CD6 /* Photo+CoreDataProperties.swift */,
				C099918C1CF2A5E000212CD6 /* CoreDataOperation.xcdatamodeld */,
			);
			path = "Core Data";
			sourceTree = "<group>";
		};
/* End PBXGroup section */

/* Begin PBXNativeTarget section */
		C08194291CF16A9F00D0E672 /* CoreDataOperation */ = {
			isa = PBXNativeTarget;
			buildConfigurationList = C081943F1CF16A9F00D0E672 /* Build configuration list for PBXNativeTarget "CoreDataOperation" */;
			buildPhases = (
				C08194261CF16A9F00D0E672 /* Sources */,
				C08194271CF16A9F00D0E672 /* Frameworks */,
				C08194281CF16A9F00D0E672 /* Resources */,
			);
			buildRules = (
			);
			dependencies = (
			);
			name = CoreDataOperation;
			productName = CoreDataOperation;
			productReference = C081942A1CF16A9F00D0E672 /* CoreDataOperation.app */;
			productType = "com.apple.product-type.application";
		};
/* End PBXNativeTarget section */

/* Begin PBXProject section */
		C08194221CF16A9F00D0E672 /* Project object */ = {
			isa = PBXProject;
			attributes = {
				LastSwiftUpdateCheck = 0720;
				LastUpgradeCheck = 0720;
				ORGANIZATIONNAME = sudeep;
				TargetAttributes = {
					C08194291CF16A9F00D0E672 = {
						CreatedOnToolsVersion = 7.2;
					};
				};
			};
			buildConfigurationList = C08194251CF16A9F00D0E672 /* Build configuration list for PBXProject "CoreDataOperation" */;
			compatibilityVersion = "Xcode 3.2";
			developmentRegion = English;
			hasScannedForEncodings = 0;
			knownRegions = (
				en,
				Base,
			);
			mainGroup = C08194211CF16A9F00D0E672;
			productRefGroup = C081942B1CF16A9F00D0E672 /* Products */;
			projectDirPath = "";
			projectRoot = "";
			targets = (
				C08194291CF16A9F00D0E672 /* CoreDataOperation */,
			);
		};
/* End PBXProject section */

/* Begin PBXResourcesBuildPhase section */
		C08194281CF16A9F00D0E672 /* Resources */ = {
			isa = PBXResourcesBuildPhase;
			buildActionMask = 2147483647;
			files = (
				C081943B1CF16A9F00D0E672 /* LaunchScreen.storyboard in Resources */,
				C08194381CF16A9F00D0E672 /* Assets.xcassets in Resources */,
				C08194331CF16A9F00D0E672 /* Main.storyboard in Resources */,
			);
			runOnlyForDeploymentPostprocessing = 0;
		};
/* End PBXResourcesBuildPhase section */

/* Begin PBXSourcesBuildPhase section */
		C08194261CF16A9F00D0E672 /* Sources */ = {
			isa = PBXSourcesBuildPhase;
			buildActionMask = 2147483647;
			files = (
				C09991921CF2A5E000212CD6 /* Photo.swift in Sources */,
				C09991911CF2A5E000212CD6 /* Photo+CoreDataProperties.swift in Sources */,
				C09991901CF2A5E000212CD6 /* CoreDataOperation.xcdatamodeld in Sources */,
				C09991811CF2A46900212CD6 /* SavePhotosOperation.swift in Sources */,
				C099918A1CF2A5AA00212CD6 /* CoreDataOperation.swift in Sources */,
				C08194301CF16A9F00D0E672 /* ViewController.swift in Sources */,
				C081942E1CF16A9F00D0E672 /* AppDelegate.swift in Sources */,
			);
			runOnlyForDeploymentPostprocessing = 0;
		};
/* End PBXSourcesBuildPhase section */

/* Begin PBXVariantGroup section */
		C08194311CF16A9F00D0E672 /* Main.storyboard */ = {
			isa = PBXVariantGroup;
			children = (
				C08194321CF16A9F00D0E672 /* Base */,
			);
			name = Main.storyboard;
			sourceTree = "<group>";
		};
		C08194391CF16A9F00D0E672 /* LaunchScreen.storyboard */ = {
			isa = PBXVariantGroup;
			children = (
				C081943A1CF16A9F00D0E672 /* Base */,
			);
			name = LaunchScreen.storyboard;
			sourceTree = "<group>";
		};
/* End PBXVariantGroup section */

/* Begin XCBuildConfiguration section */
		C081943D1CF16A9F00D0E672 /* Debug */ = {
			isa = XCBuildConfiguration;
			buildSettings = {
				ALWAYS_SEARCH_USER_PATHS = NO;
				CLANG_CXX_LANGUAGE_STANDARD = "gnu++0x";
				CLANG_CXX_LIBRARY = "libc++";
				CLANG_ENABLE_MODULES = YES;
				CLANG_ENABLE_OBJC_ARC = YES;
				CLANG_WARN_BOOL_CONVERSION = YES;
				CLANG_WARN_CONSTANT_CONVERSION = YES;
				CLANG_WARN_DIRECT_OBJC_ISA_USAGE = YES_ERROR;
				CLANG_WARN_EMPTY_BODY = YES;
				CLANG_WARN_ENUM_CONVERSION = YES;
				CLANG_WARN_INT_CONVERSION = YES;
				CLANG_WARN_OBJC_ROOT_CLASS = YES_ERROR;
				CLANG_WARN_UNREACHABLE_CODE = YES;
				CLANG_WARN__DUPLICATE_METHOD_MATCH = YES;
				"CODE_SIGN_IDENTITY[sdk=iphoneos*]" = "iPhone Developer";
				COPY_PHASE_STRIP = NO;
				DEBUG_INFORMATION_FORMAT = dwarf;
				ENABLE_STRICT_OBJC_MSGSEND = YES;
				ENABLE_TESTABILITY = YES;
				GCC_C_LANGUAGE_STANDARD = gnu99;
				GCC_DYNAMIC_NO_PIC = NO;
				GCC_NO_COMMON_BLOCKS = YES;
				GCC_OPTIMIZATION_LEVEL = 0;
				GCC_PREPROCESSOR_DEFINITIONS = (
					"DEBUG=1",
					"$(inherited)",
				);
				GCC_WARN_64_TO_32_BIT_CONVERSION = YES;
				GCC_WARN_ABOUT_RETURN_TYPE = YES_ERROR;
				GCC_WARN_UNDECLARED_SELECTOR = YES;
				GCC_WARN_UNINITIALIZED_AUTOS = YES_AGGRESSIVE;
				GCC_WARN_UNUSED_FUNCTION = YES;
				GCC_WARN_UNUSED_VARIABLE = YES;
				IPHONEOS_DEPLOYMENT_TARGET = 9.2;
				MTL_ENABLE_DEBUG_INFO = YES;
				ONLY_ACTIVE_ARCH = YES;
				SDKROOT = iphoneos;
				SWIFT_OPTIMIZATION_LEVEL = "-Onone";
			};
			name = Debug;
		};
		C081943E1CF16A9F00D0E672 /* Release */ = {
			isa = XCBuildConfiguration;
			buildSettings = {
				ALWAYS_SEARCH_USER_PATHS = NO;
				CLANG_CXX_LANGUAGE_STANDARD = "gnu++0x";
				CLANG_CXX_LIBRARY = "libc++";
				CLANG_ENABLE_MODULES = YES;
				CLANG_ENABLE_OBJC_ARC = YES;
				CLANG_WARN_BOOL_CONVERSION = YES;
				CLANG_WARN_CONSTANT_CONVERSION = YES;
				CLANG_WARN_DIRECT_OBJC_ISA_USAGE = YES_ERROR;
				CLANG_WARN_EMPTY_BODY = YES;
				CLANG_WARN_ENUM_CONVERSION = YES;
				CLANG_WARN_INT_CONVERSION = YES;
				CLANG_WARN_OBJC_ROOT_CLASS = YES_ERROR;
				CLANG_WARN_UNREACHABLE_CODE = YES;
				CLANG_WARN__DUPLICATE_METHOD_MATCH = YES;
				"CODE_SIGN_IDENTITY[sdk=iphoneos*]" = "iPhone Developer";
				COPY_PHASE_STRIP = NO;
				DEBUG_INFORMATION_FORMAT = "dwarf-with-dsym";
				ENABLE_NS_ASSERTIONS = NO;
				ENABLE_STRICT_OBJC_MSGSEND = YES;
				GCC_C_LANGUAGE_STANDARD = gnu99;
				GCC_NO_COMMON_BLOCKS = YES;
				GCC_WARN_64_TO_32_BIT_CONVERSION = YES;
				GCC_WARN_ABOUT_RETURN_TYPE = YES_ERROR;
				GCC_WARN_UNDECLARED_SELECTOR = YES;
				GCC_WARN_UNINITIALIZED_AUTOS = YES_AGGRESSIVE;
				GCC_WARN_UNUSED_FUNCTION = YES;
				GCC_WARN_UNUSED_VARIABLE = YES;
				IPHONEOS_DEPLOYMENT_TARGET = 9.2;
				MTL_ENABLE_DEBUG_INFO = NO;
				SDKROOT = iphoneos;
				VALIDATE_PRODUCT = YES;
			};
			name = Release;
		};
		C08194401CF16A9F00D0E672 /* Debug */ = {
			isa = XCBuildConfiguration;
			buildSettings = {
				ASSETCATALOG_COMPILER_APPICON_NAME = AppIcon;
				ASSETCATALOG_COMPILER_LAUNCHIMAGE_NAME = "Brand Assets";
				INFOPLIST_FILE = CoreDataOperation/Info.plist;
				LD_RUNPATH_SEARCH_PATHS = "$(inherited) @executable_path/Frameworks";
				PRODUCT_BUNDLE_IDENTIFIER = com.sudeep.CoreDataOperation;
				PRODUCT_NAME = "$(TARGET_NAME)";
			};
			name = Debug;
		};
		C08194411CF16A9F00D0E672 /* Release */ = {
			isa = XCBuildConfiguration;
			buildSettings = {
				ASSETCATALOG_COMPILER_APPICON_NAME = AppIcon;
				ASSETCATALOG_COMPILER_LAUNCHIMAGE_NAME = "Brand Assets";
				INFOPLIST_FILE = CoreDataOperation/Info.plist;
				LD_RUNPATH_SEARCH_PATHS = "$(inherited) @executable_path/Frameworks";
				PRODUCT_BUNDLE_IDENTIFIER = com.sudeep.CoreDataOperation;
				PRODUCT_NAME = "$(TARGET_NAME)";
			};
			name = Release;
		};
/* End XCBuildConfiguration section */

/* Begin XCConfigurationList section */
		C08194251CF16A9F00D0E672 /* Build configuration list for PBXProject "CoreDataOperation" */ = {
			isa = XCConfigurationList;
			buildConfigurations = (
				C081943D1CF16A9F00D0E672 /* Debug */,
				C081943E1CF16A9F00D0E672 /* Release */,
			);
			defaultConfigurationIsVisible = 0;
			defaultConfigurationName = Release;
		};
		C081943F1CF16A9F00D0E672 /* Build configuration list for PBXNativeTarget "CoreDataOperation" */ = {
			isa = XCConfigurationList;
			buildConfigurations = (
				C08194401CF16A9F00D0E672 /* Debug */,
				C08194411CF16A9F00D0E672 /* Release */,
			);
			defaultConfigurationIsVisible = 0;
			defaultConfigurationName = Release;
		};
/* End XCConfigurationList section */

/* Begin XCVersionGroup section */
		C099918C1CF2A5E000212CD6 /* CoreDataOperation.xcdatamodeld */ = {
			isa = XCVersionGroup;
			children = (
				C099918D1CF2A5E000212CD6 /* CoreDataOperation.xcdatamodel */,
			);
			currentVersion = C099918D1CF2A5E000212CD6 /* CoreDataOperation.xcdatamodel */;
			path = CoreDataOperation.xcdatamodeld;
			sourceTree = "<group>";
			versionGroupType = wrapper.xcdatamodel;
		};
/* End XCVersionGroup section */
	};
	rootObject = C08194221CF16A9F00D0E672 /* Project object */;
}
